
Microsoft Visual Studio Solution File, Format Version 12.00
# Visual Studio Version 16
VisualStudioVersion = 16.0.31129.286
MinimumVisualStudioVersion = 10.0.40219.1
Project("{FAE04EC0-301F-11D3-BF4B-00C04F79EFBC}") = "Jotter App", "Jotter App.csproj", "{89E11332-D797-4A63-AA99-ABDEE255C1B2}"
EndProject
Global
	GlobalSection(SolutionConfigurationPlatforms) = preSolution
		Debug|Any CPU = Debug|Any CPU
		Release|Any CPU = Release|Any CPU
	EndGlobalSection
	GlobalSection(ProjectConfigurationPlatforms) = postSolution
		{89E11332-D797-4A63-AA99-ABDEE255C1B2}.Debug|Any CPU.ActiveCfg = Debug|Any CPU
		{89E11332-D797-4A63-AA99-ABDEE255C1B2}.Debug|Any CPU.Build.0 = Debug|Any CPU
		{89E11332-D797-4A63-AA99-ABDEE255C1B2}.Release|Any CPU.ActiveCfg = Release|Any CPU
		{89E11332-D797-4A63-AA99-ABDEE255C1B2}.Release|Any CPU.Build.0 = Release|Any CPU
	EndGlobalSection
	GlobalSection(SolutionProperties) = preSolution
		HideSolutionNode = FALSE
	EndGlobalSection
	GlobalSection(ExtensibilityGlobals) = postSolution
		SolutionGuid = {AB5E5DB5-6B24-460D-A3FF-09CD3DF363F1}
	EndGlobalSection
EndGlobal
